// !$*UTF8*$!
{
	archiveVersion = 1;
	classes = {
	};
	objectVersion = 77;
	objects = {

/* Begin PBXBuildFile section */
		75FF24F42EA1A9CD00A5B636 /* ComposableArchitecture in Frameworks */ = {isa = PBXBuildFile; productRef = 75FF24F32EA1A9CD00A5B636 /* ComposableArchitecture */; };
/* End PBXBuildFile section */

/* Begin PBXContainerItemProxy section */
		75997A352E8E6A2400C6F17B /* PBXContainerItemProxy */ = {
			isa = PBXContainerItemProxy;
			containerPortal = 75997A1F2E8E6A2300C6F17B /* Project object */;
			proxyType = 1;
			remoteGlobalIDString = 75997A262E8E6A2300C6F17B;
			remoteInfo = Kopniak;
		};
		75997A3F2E8E6A2400C6F17B /* PBXContainerItemProxy */ = {
			isa = PBXContainerItemProxy;
			containerPortal = 75997A1F2E8E6A2300C6F17B /* Project object */;
			proxyType = 1;
			remoteGlobalIDString = 75997A262E8E6A2300C6F17B;
			remoteInfo = Kopniak;
		};
/* End PBXContainerItemProxy section */

/* Begin PBXFileReference section */
		75997A272E8E6A2300C6F17B /* Kopniak.app */ = {isa = PBXFileReference; explicitFileType = wrapper.application; includeInIndex = 0; path = Kopniak.app; sourceTree = BUILT_PRODUCTS_DIR; };
		75997A342E8E6A2400C6F17B /* KopniakTests.xctest */ = {isa = PBXFileReference; explicitFileType = wrapper.cfbundle; includeInIndex = 0; path = KopniakTests.xctest; sourceTree = BUILT_PRODUCTS_DIR; };
		75997A3E2E8E6A2400C6F17B /* KopniakUITests.xctest */ = {isa = PBXFileReference; explicitFileType = wrapper.cfbundle; includeInIndex = 0; path = KopniakUITests.xctest; sourceTree = BUILT_PRODUCTS_DIR; };
		75D217142EC767C8007EFC75 /* Localizable.xcstrings */ = {isa = PBXFileReference; lastKnownFileType = text.json.xcstrings; name = Localizable.xcstrings; path = Kopniak/Resources/Localizable.xcstrings; sourceTree = "<group>"; };
/* End PBXFileReference section */

/* Begin PBXFileSystemSynchronizedBuildFileExceptionSet section */
		75A9A0A12EBBE4550073D670 /* Exceptions for "Kopniak" folder in "Kopniak" target */ = {
			isa = PBXFileSystemSynchronizedBuildFileExceptionSet;
			membershipExceptions = (
				Resources/Info.plist,
			);
			target = 75997A262E8E6A2300C6F17B /* Kopniak */;
		};
/* End PBXFileSystemSynchronizedBuildFileExceptionSet section */

/* Begin PBXFileSystemSynchronizedRootGroup section */
		75997A292E8E6A2300C6F17B /* Kopniak */ = {
			isa = PBXFileSystemSynchronizedRootGroup;
			exceptions = (
				75A9A0A12EBBE4550073D670 /* Exceptions for "Kopniak" folder in "Kopniak" target */,
			);
			path = Kopniak;
			sourceTree = "<group>";
		};
		75997A372E8E6A2400C6F17B /* KopniakTests */ = {
			isa = PBXFileSystemSynchronizedRootGroup;
			path = KopniakTests;
			sourceTree = "<group>";
		};
		75997A412E8E6A2400C6F17B /* KopniakUITests */ = {
			isa = PBXFileSystemSynchronizedRootGroup;
			path = KopniakUITests;
			sourceTree = "<group>";
		};
/* End PBXFileSystemSynchronizedRootGroup section */

/* Begin PBXFrameworksBuildPhase section */
		75997A242E8E6A2300C6F17B /* Frameworks */ = {
			isa = PBXFrameworksBuildPhase;
			buildActionMask = 2147483647;
			files = (
				75FF24F42EA1A9CD00A5B636 /* ComposableArchitecture in Frameworks */,
			);
			runOnlyForDeploymentPostprocessing = 0;
		};
		75997A312E8E6A2400C6F17B /* Frameworks */ = {
			isa = PBXFrameworksBuildPhase;
			buildActionMask = 2147483647;
			files = (
			);
			runOnlyForDeploymentPostprocessing = 0;
		};
		75997A3B2E8E6A2400C6F17B /* Frameworks */ = {
			isa = PBXFrameworksBuildPhase;
			buildActionMask = 2147483647;
			files = (
			);
			runOnlyForDeploymentPostprocessing = 0;
		};
/* End PBXFrameworksBuildPhase section */

/* Begin PBXGroup section */
		75997A1E2E8E6A2300C6F17B = {
			isa = PBXGroup;
			children = (
				75D217142EC767C8007EFC75 /* Localizable.xcstrings */,
				75997A292E8E6A2300C6F17B /* Kopniak */,
				75997A372E8E6A2400C6F17B /* KopniakTests */,
				75997A412E8E6A2400C6F17B /* KopniakUITests */,
				75997A282E8E6A2300C6F17B /* Products */,
			);
			sourceTree = "<group>";
		};
		75997A282E8E6A2300C6F17B /* Products */ = {
			isa = PBXGroup;
			children = (
				75997A272E8E6A2300C6F17B /* Kopniak.app */,
				75997A342E8E6A2400C6F17B /* KopniakTests.xctest */,
				75997A3E2E8E6A2400C6F17B /* KopniakUITests.xctest */,
			);
			name = Products;
			sourceTree = "<group>";
		};
/* End PBXGroup section */

/* Begin PBXNativeTarget section */
		75997A262E8E6A2300C6F17B /* Kopniak */ = {
			isa = PBXNativeTarget;
			buildConfigurationList = 75997A482E8E6A2400C6F17B /* Build configuration list for PBXNativeTarget "Kopniak" */;
			buildPhases = (
				75997A232E8E6A2300C6F17B /* Sources */,
				75997A242E8E6A2300C6F17B /* Frameworks */,
				75997A252E8E6A2300C6F17B /* Resources */,
			);
			buildRules = (
			);
			dependencies = (
			);
			fileSystemSynchronizedGroups = (
				75997A292E8E6A2300C6F17B /* Kopniak */,
			);
			name = Kopniak;
			packageProductDependencies = (
				75FF24F32EA1A9CD00A5B636 /* ComposableArchitecture */,
			);
			productName = Kopniak;
			productReference = 75997A272E8E6A2300C6F17B /* Kopniak.app */;
			productType = "com.apple.product-type.application";
		};
		75997A332E8E6A2400C6F17B /* KopniakTests */ = {
			isa = PBXNativeTarget;
			buildConfigurationList = 75997A4B2E8E6A2400C6F17B /* Build configuration list for PBXNativeTarget "KopniakTests" */;
			buildPhases = (
				75997A302E8E6A2400C6F17B /* Sources */,
				75997A312E8E6A2400C6F17B /* Frameworks */,
				75997A322E8E6A2400C6F17B /* Resources */,
			);
			buildRules = (
			);
			dependencies = (
				75997A362E8E6A2400C6F17B /* PBXTargetDependency */,
			);
			fileSystemSynchronizedGroups = (
				75997A372E8E6A2400C6F17B /* KopniakTests */,
			);
			name = KopniakTests;
			packageProductDependencies = (
			);
			productName = KopniakTests;
			productReference = 75997A342E8E6A2400C6F17B /* KopniakTests.xctest */;
			productType = "com.apple.product-type.bundle.unit-test";
		};
		75997A3D2E8E6A2400C6F17B /* KopniakUITests */ = {
			isa = PBXNativeTarget;
			buildConfigurationList = 75997A4E2E8E6A2400C6F17B /* Build configuration list for PBXNativeTarget "KopniakUITests" */;
			buildPhases = (
				75997A3A2E8E6A2400C6F17B /* Sources */,
				75997A3B2E8E6A2400C6F17B /* Frameworks */,
				75997A3C2E8E6A2400C6F17B /* Resources */,
			);
			buildRules = (
			);
			dependencies = (
				75997A402E8E6A2400C6F17B /* PBXTargetDependency */,
			);
			fileSystemSynchronizedGroups = (
				75997A412E8E6A2400C6F17B /* KopniakUITests */,
			);
			name = KopniakUITests;
			packageProductDependencies = (
			);
			productName = KopniakUITests;
			productReference = 75997A3E2E8E6A2400C6F17B /* KopniakUITests.xctest */;
			productType = "com.apple.product-type.bundle.ui-testing";
		};
/* End PBXNativeTarget section */

/* Begin PBXProject section */
		75997A1F2E8E6A2300C6F17B /* Project object */ = {
			isa = PBXProject;
			attributes = {
				BuildIndependentTargetsInParallel = 1;
				LastSwiftUpdateCheck = 2600;
				LastUpgradeCheck = 2610;
				TargetAttributes = {
					75997A262E8E6A2300C6F17B = {
						CreatedOnToolsVersion = 26.0.1;
					};
					75997A332E8E6A2400C6F17B = {
						CreatedOnToolsVersion = 26.0.1;
						TestTargetID = 75997A262E8E6A2300C6F17B;
					};
					75997A3D2E8E6A2400C6F17B = {
						CreatedOnToolsVersion = 26.0.1;
						TestTargetID = 75997A262E8E6A2300C6F17B;
					};
				};
			};
			buildConfigurationList = 75997A222E8E6A2300C6F17B /* Build configuration list for PBXProject "Kopniak" */;
			developmentRegion = en;
			hasScannedForEncodings = 0;
			knownRegions = (
				en,
				Base,
				uk,
			);
			mainGroup = 75997A1E2E8E6A2300C6F17B;
			minimizedProjectReferenceProxies = 1;
			packageReferences = (
				75FF24F22EA1A9CD00A5B636 /* XCRemoteSwiftPackageReference "swift-composable-architecture" */,
			);
			preferredProjectObjectVersion = 77;
			productRefGroup = 75997A282E8E6A2300C6F17B /* Products */;
			projectDirPath = "";
			projectRoot = "";
			targets = (
				75997A262E8E6A2300C6F17B /* Kopniak */,
				75997A332E8E6A2400C6F17B /* KopniakTests */,
				75997A3D2E8E6A2400C6F17B /* KopniakUITests */,
			);
		};
/* End PBXProject section */

/* Begin PBXResourcesBuildPhase section */
		75997A252E8E6A2300C6F17B /* Resources */ = {
			isa = PBXResourcesBuildPhase;
			buildActionMask = 2147483647;
			files = (
			);
			runOnlyForDeploymentPostprocessing = 0;
		};
		75997A322E8E6A2400C6F17B /* Resources */ = {
			isa = PBXResourcesBuildPhase;
			buildActionMask = 2147483647;
			files = (
			);
			runOnlyForDeploymentPostprocessing = 0;
		};
		75997A3C2E8E6A2400C6F17B /* Resources */ = {
			isa = PBXResourcesBuildPhase;
			buildActionMask = 2147483647;
			files = (
			);
			runOnlyForDeploymentPostprocessing = 0;
		};
/* End PBXResourcesBuildPhase section */

/* Begin PBXSourcesBuildPhase section */
		75997A232E8E6A2300C6F17B /* Sources */ = {
			isa = PBXSourcesBuildPhase;
			buildActionMask = 2147483647;
			files = (
			);
			runOnlyForDeploymentPostprocessing = 0;
		};
		75997A302E8E6A2400C6F17B /* Sources */ = {
			isa = PBXSourcesBuildPhase;
			buildActionMask = 2147483647;
			files = (
			);
			runOnlyForDeploymentPostprocessing = 0;
		};
		75997A3A2E8E6A2400C6F17B /* Sources */ = {
			isa = PBXSourcesBuildPhase;
			buildActionMask = 2147483647;
			files = (
			);
			runOnlyForDeploymentPostprocessing = 0;
		};
/* End PBXSourcesBuildPhase section */

/* Begin PBXTargetDependency section */
		75997A362E8E6A2400C6F17B /* PBXTargetDependency */ = {
			isa = PBXTargetDependency;
			target = 75997A262E8E6A2300C6F17B /* Kopniak */;
			targetProxy = 75997A352E8E6A2400C6F17B /* PBXContainerItemProxy */;
		};
		75997A402E8E6A2400C6F17B /* PBXTargetDependency */ = {
			isa = PBXTargetDependency;
			target = 75997A262E8E6A2300C6F17B /* Kopniak */;
			targetProxy = 75997A3F2E8E6A2400C6F17B /* PBXContainerItemProxy */;
		};
/* End PBXTargetDependency section */

/* Begin XCBuildConfiguration section */
		75997A462E8E6A2400C6F17B /* Debug */ = {
			isa = XCBuildConfiguration;
			buildSettings = {
				ALWAYS_SEARCH_USER_PATHS = NO;
				ASSETCATALOG_COMPILER_GENERATE_SWIFT_ASSET_SYMBOL_EXTENSIONS = YES;
				CLANG_ANALYZER_LOCALIZABILITY_NONLOCALIZED = YES;
				CLANG_ANALYZER_NONNULL = YES;
				CLANG_ANALYZER_NUMBER_OBJECT_CONVERSION = YES_AGGRESSIVE;
				CLANG_CXX_LANGUAGE_STANDARD = "gnu++20";
				CLANG_ENABLE_MODULES = YES;
				CLANG_ENABLE_OBJC_ARC = YES;
				CLANG_ENABLE_OBJC_WEAK = YES;
				CLANG_WARN_BLOCK_CAPTURE_AUTORELEASING = YES;
				CLANG_WARN_BOOL_CONVERSION = YES;
				CLANG_WARN_COMMA = YES;
				CLANG_WARN_CONSTANT_CONVERSION = YES;
				CLANG_WARN_DEPRECATED_OBJC_IMPLEMENTATIONS = YES;
				CLANG_WARN_DIRECT_OBJC_ISA_USAGE = YES_ERROR;
				CLANG_WARN_DOCUMENTATION_COMMENTS = YES;
				CLANG_WARN_EMPTY_BODY = YES;
				CLANG_WARN_ENUM_CONVERSION = YES;
				CLANG_WARN_INFINITE_RECURSION = YES;
				CLANG_WARN_INT_CONVERSION = YES;
				CLANG_WARN_NON_LITERAL_NULL_CONVERSION = YES;
				CLANG_WARN_OBJC_IMPLICIT_RETAIN_SELF = YES;
				CLANG_WARN_OBJC_LITERAL_CONVERSION = YES;
				CLANG_WARN_OBJC_ROOT_CLASS = YES_ERROR;
				CLANG_WARN_QUOTED_INCLUDE_IN_FRAMEWORK_HEADER = YES;
				CLANG_WARN_RANGE_LOOP_ANALYSIS = YES;
				CLANG_WARN_STRICT_PROTOTYPES = YES;
				CLANG_WARN_SUSPICIOUS_MOVE = YES;
				CLANG_WARN_UNGUARDED_AVAILABILITY = YES_AGGRESSIVE;
				CLANG_WARN_UNREACHABLE_CODE = YES;
				CLANG_WARN__DUPLICATE_METHOD_MATCH = YES;
				COPY_PHASE_STRIP = NO;
				DEAD_CODE_STRIPPING = YES;
				DEBUG_INFORMATION_FORMAT = dwarf;
				DEVELOPMENT_TEAM = 6HXQVJ34RS;
				ENABLE_STRICT_OBJC_MSGSEND = YES;
				ENABLE_TESTABILITY = YES;
				ENABLE_USER_SCRIPT_SANDBOXING = YES;
				GCC_C_LANGUAGE_STANDARD = gnu17;
				GCC_DYNAMIC_NO_PIC = NO;
				GCC_NO_COMMON_BLOCKS = YES;
				GCC_OPTIMIZATION_LEVEL = 0;
				GCC_PREPROCESSOR_DEFINITIONS = (
					"DEBUG=1",
					"$(inherited)",
				);
				GCC_WARN_64_TO_32_BIT_CONVERSION = YES;
				GCC_WARN_ABOUT_RETURN_TYPE = YES_ERROR;
				GCC_WARN_UNDECLARED_SELECTOR = YES;
				GCC_WARN_UNINITIALIZED_AUTOS = YES_AGGRESSIVE;
				GCC_WARN_UNUSED_FUNCTION = YES;
				GCC_WARN_UNUSED_VARIABLE = YES;
				LOCALIZATION_PREFERS_STRING_CATALOGS = YES;
				MACOSX_DEPLOYMENT_TARGET = 26.0;
				MTL_ENABLE_DEBUG_INFO = INCLUDE_SOURCE;
				MTL_FAST_MATH = YES;
				ONLY_ACTIVE_ARCH = YES;
				SDKROOT = macosx;
				STRING_CATALOG_GENERATE_SYMBOLS = YES;
				SWIFT_ACTIVE_COMPILATION_CONDITIONS = "DEBUG $(inherited)";
				SWIFT_EMIT_LOC_STRINGS = YES;
				SWIFT_OPTIMIZATION_LEVEL = "-Onone";
			};
			name = Debug;
		};
		75997A472E8E6A2400C6F17B /* Release */ = {
			isa = XCBuildConfiguration;
			buildSettings = {
				ALWAYS_SEARCH_USER_PATHS = NO;
				ASSETCATALOG_COMPILER_GENERATE_SWIFT_ASSET_SYMBOL_EXTENSIONS = YES;
				CLANG_ANALYZER_LOCALIZABILITY_NONLOCALIZED = YES;
				CLANG_ANALYZER_NONNULL = YES;
				CLANG_ANALYZER_NUMBER_OBJECT_CONVERSION = YES_AGGRESSIVE;
				CLANG_CXX_LANGUAGE_STANDARD = "gnu++20";
				CLANG_ENABLE_MODULES = YES;
				CLANG_ENABLE_OBJC_ARC = YES;
				CLANG_ENABLE_OBJC_WEAK = YES;
				CLANG_WARN_BLOCK_CAPTURE_AUTORELEASING = YES;
				CLANG_WARN_BOOL_CONVERSION = YES;
				CLANG_WARN_COMMA = YES;
				CLANG_WARN_CONSTANT_CONVERSION = YES;
				CLANG_WARN_DEPRECATED_OBJC_IMPLEMENTATIONS = YES;
				CLANG_WARN_DIRECT_OBJC_ISA_USAGE = YES_ERROR;
				CLANG_WARN_DOCUMENTATION_COMMENTS = YES;
				CLANG_WARN_EMPTY_BODY = YES;
				CLANG_WARN_ENUM_CONVERSION = YES;
				CLANG_WARN_INFINITE_RECURSION = YES;
				CLANG_WARN_INT_CONVERSION = YES;
				CLANG_WARN_NON_LITERAL_NULL_CONVERSION = YES;
				CLANG_WARN_OBJC_IMPLICIT_RETAIN_SELF = YES;
				CLANG_WARN_OBJC_LITERAL_CONVERSION = YES;
				CLANG_WARN_OBJC_ROOT_CLASS = YES_ERROR;
				CLANG_WARN_QUOTED_INCLUDE_IN_FRAMEWORK_HEADER = YES;
				CLANG_WARN_RANGE_LOOP_ANALYSIS = YES;
				CLANG_WARN_STRICT_PROTOTYPES = YES;
				CLANG_WARN_SUSPICIOUS_MOVE = YES;
				CLANG_WARN_UNGUARDED_AVAILABILITY = YES_AGGRESSIVE;
				CLANG_WARN_UNREACHABLE_CODE = YES;
				CLANG_WARN__DUPLICATE_METHOD_MATCH = YES;
				COPY_PHASE_STRIP = NO;
				DEAD_CODE_STRIPPING = YES;
				DEBUG_INFORMATION_FORMAT = "dwarf-with-dsym";
				DEVELOPMENT_TEAM = 6HXQVJ34RS;
				ENABLE_NS_ASSERTIONS = NO;
				ENABLE_STRICT_OBJC_MSGSEND = YES;
				ENABLE_USER_SCRIPT_SANDBOXING = YES;
				GCC_C_LANGUAGE_STANDARD = gnu17;
				GCC_NO_COMMON_BLOCKS = YES;
				GCC_WARN_64_TO_32_BIT_CONVERSION = YES;
				GCC_WARN_ABOUT_RETURN_TYPE = YES_ERROR;
				GCC_WARN_UNDECLARED_SELECTOR = YES;
				GCC_WARN_UNINITIALIZED_AUTOS = YES_AGGRESSIVE;
				GCC_WARN_UNUSED_FUNCTION = YES;
				GCC_WARN_UNUSED_VARIABLE = YES;
				LOCALIZATION_PREFERS_STRING_CATALOGS = YES;
				MACOSX_DEPLOYMENT_TARGET = 26.0;
				MTL_ENABLE_DEBUG_INFO = NO;
				MTL_FAST_MATH = YES;
				SDKROOT = macosx;
				STRING_CATALOG_GENERATE_SYMBOLS = YES;
				SWIFT_COMPILATION_MODE = wholemodule;
				SWIFT_EMIT_LOC_STRINGS = YES;
			};
			name = Release;
		};
		75997A492E8E6A2400C6F17B /* Debug */ = {
			isa = XCBuildConfiguration;
			buildSettings = {
				ASSETCATALOG_COMPILER_APPICON_NAME = AppIcon;
				ASSETCATALOG_COMPILER_GLOBAL_ACCENT_COLOR_NAME = AccentColor;
				ASSETCATALOG_COMPILER_INCLUDE_ALL_APPICON_ASSETS = NO;
				CODE_SIGN_STYLE = Automatic;
				COMBINE_HIDPI_IMAGES = YES;
				CURRENT_PROJECT_VERSION = 17;
				DEAD_CODE_STRIPPING = YES;
				DEVELOPMENT_TEAM = 6HXQVJ34RS;
				ENABLE_APP_SANDBOX = YES;
				ENABLE_HARDENED_RUNTIME = YES;
				ENABLE_PREVIEWS = YES;
				ENABLE_USER_SELECTED_FILES = readonly;
				GENERATE_INFOPLIST_FILE = YES;
				INFOPLIST_FILE = Kopniak/Resources/Info.plist;
				INFOPLIST_KEY_ITSAppUsesNonExemptEncryption = NO;
				INFOPLIST_KEY_LSApplicationCategoryType = "public.app-category.productivity";
				INFOPLIST_KEY_NSHumanReadableCopyright = "";
				LD_RUNPATH_SEARCH_PATHS = (
					"$(inherited)",
					"@executable_path/../Frameworks",
				);
				MACOSX_DEPLOYMENT_TARGET = 15.0;
				MARKETING_VERSION = 1.1.3;
				PRODUCT_BUNDLE_IDENTIFIER = "org.realf.Kopniak-debug";
				PRODUCT_NAME = "$(TARGET_NAME)";
				REGISTER_APP_GROUPS = YES;
				STRING_CATALOG_GENERATE_SYMBOLS = YES;
				SWIFT_APPROACHABLE_CONCURRENCY = YES;
				SWIFT_DEFAULT_ACTOR_ISOLATION = nonisolated;
				SWIFT_EMIT_LOC_STRINGS = YES;
				SWIFT_UPCOMING_FEATURE_MEMBER_IMPORT_VISIBILITY = YES;
				SWIFT_VERSION = 6.0;
			};
			name = Debug;
		};
		75997A4A2E8E6A2400C6F17B /* Release */ = {
			isa = XCBuildConfiguration;
			buildSettings = {
				ASSETCATALOG_COMPILER_APPICON_NAME = AppIcon;
				ASSETCATALOG_COMPILER_GLOBAL_ACCENT_COLOR_NAME = AccentColor;
				ASSETCATALOG_COMPILER_INCLUDE_ALL_APPICON_ASSETS = NO;
				CODE_SIGN_STYLE = Automatic;
				COMBINE_HIDPI_IMAGES = YES;
				CURRENT_PROJECT_VERSION = 17;
				DEAD_CODE_STRIPPING = YES;
				DEVELOPMENT_TEAM = 6HXQVJ34RS;
				ENABLE_APP_SANDBOX = YES;
				ENABLE_HARDENED_RUNTIME = YES;
				ENABLE_PREVIEWS = YES;
				ENABLE_USER_SELECTED_FILES = readonly;
				GENERATE_INFOPLIST_FILE = YES;
				INFOPLIST_FILE = Kopniak/Resources/Info.plist;
				INFOPLIST_KEY_ITSAppUsesNonExemptEncryption = NO;
				INFOPLIST_KEY_LSApplicationCategoryType = "public.app-category.productivity";
				INFOPLIST_KEY_NSHumanReadableCopyright = "";
				LD_RUNPATH_SEARCH_PATHS = (
					"$(inherited)",
					"@executable_path/../Frameworks",
				);
				MACOSX_DEPLOYMENT_TARGET = 15.0;
				MARKETING_VERSION = 1.1.3;
				PRODUCT_BUNDLE_IDENTIFIER = org.realf.Kopniak;
				PRODUCT_NAME = "$(TARGET_NAME)";
				REGISTER_APP_GROUPS = YES;
				STRING_CATALOG_GENERATE_SYMBOLS = YES;
				SWIFT_APPROACHABLE_CONCURRENCY = YES;
				SWIFT_DEFAULT_ACTOR_ISOLATION = nonisolated;
				SWIFT_EMIT_LOC_STRINGS = YES;
				SWIFT_UPCOMING_FEATURE_MEMBER_IMPORT_VISIBILITY = YES;
				SWIFT_VERSION = 6.0;
			};
			name = Release;
		};
		75997A4C2E8E6A2400C6F17B /* Debug */ = {
			isa = XCBuildConfiguration;
			buildSettings = {
				BUNDLE_LOADER = "$(TEST_HOST)";
				CODE_SIGN_STYLE = Automatic;
				CURRENT_PROJECT_VERSION = 1;
				DEAD_CODE_STRIPPING = YES;
				DEVELOPMENT_TEAM = 6HXQVJ34RS;
				GENERATE_INFOPLIST_FILE = YES;
				MACOSX_DEPLOYMENT_TARGET = 26.0;
				MARKETING_VERSION = 1.0;
				PRODUCT_BUNDLE_IDENTIFIER = org.realf.KopniakTests;
				PRODUCT_NAME = "$(TARGET_NAME)";
				STRING_CATALOG_GENERATE_SYMBOLS = NO;
				SWIFT_APPROACHABLE_CONCURRENCY = YES;
				SWIFT_EMIT_LOC_STRINGS = NO;
				SWIFT_UPCOMING_FEATURE_MEMBER_IMPORT_VISIBILITY = YES;
				SWIFT_VERSION = 5.0;
				TEST_HOST = "$(BUILT_PRODUCTS_DIR)/Kopniak.app/$(BUNDLE_EXECUTABLE_FOLDER_PATH)/Kopniak";
			};
			name = Debug;
		};
		75997A4D2E8E6A2400C6F17B /* Release */ = {
			isa = XCBuildConfiguration;
			buildSettings = {
				BUNDLE_LOADER = "$(TEST_HOST)";
				CODE_SIGN_STYLE = Automatic;
				CURRENT_PROJECT_VERSION = 1;
				DEAD_CODE_STRIPPING = YES;
				DEVELOPMENT_TEAM = 6HXQVJ34RS;
				GENERATE_INFOPLIST_FILE = YES;
				MACOSX_DEPLOYMENT_TARGET = 26.0;
				MARKETING_VERSION = 1.0;
				PRODUCT_BUNDLE_IDENTIFIER = org.realf.KopniakTests;
				PRODUCT_NAME = "$(TARGET_NAME)";
				STRING_CATALOG_GENERATE_SYMBOLS = NO;
				SWIFT_APPROACHABLE_CONCURRENCY = YES;
				SWIFT_EMIT_LOC_STRINGS = NO;
				SWIFT_UPCOMING_FEATURE_MEMBER_IMPORT_VISIBILITY = YES;
				SWIFT_VERSION = 5.0;
				TEST_HOST = "$(BUILT_PRODUCTS_DIR)/Kopniak.app/$(BUNDLE_EXECUTABLE_FOLDER_PATH)/Kopniak";
			};
			name = Release;
		};
		75997A4F2E8E6A2400C6F17B /* Debug */ = {
			isa = XCBuildConfiguration;
			buildSettings = {
				CODE_SIGN_STYLE = Automatic;
				CURRENT_PROJECT_VERSION = 1;
				DEAD_CODE_STRIPPING = YES;
				DEVELOPMENT_TEAM = 6HXQVJ34RS;
				GENERATE_INFOPLIST_FILE = YES;
				MARKETING_VERSION = 1.0;
				PRODUCT_BUNDLE_IDENTIFIER = org.realf.KopniakUITests;
				PRODUCT_NAME = "$(TARGET_NAME)";
				STRING_CATALOG_GENERATE_SYMBOLS = NO;
				SWIFT_APPROACHABLE_CONCURRENCY = YES;
				SWIFT_EMIT_LOC_STRINGS = NO;
				SWIFT_UPCOMING_FEATURE_MEMBER_IMPORT_VISIBILITY = YES;
				SWIFT_VERSION = 5.0;
				TEST_TARGET_NAME = Kopniak;
			};
			name = Debug;
		};
		75997A502E8E6A2400C6F17B /* Release */ = {
			isa = XCBuildConfiguration;
			buildSettings = {
				CODE_SIGN_STYLE = Automatic;
				CURRENT_PROJECT_VERSION = 1;
				DEAD_CODE_STRIPPING = YES;
				DEVELOPMENT_TEAM = 6HXQVJ34RS;
				GENERATE_INFOPLIST_FILE = YES;
				MARKETING_VERSION = 1.0;
				PRODUCT_BUNDLE_IDENTIFIER = org.realf.KopniakUITests;
				PRODUCT_NAME = "$(TARGET_NAME)";
				STRING_CATALOG_GENERATE_SYMBOLS = NO;
				SWIFT_APPROACHABLE_CONCURRENCY = YES;
				SWIFT_EMIT_LOC_STRINGS = NO;
				SWIFT_UPCOMING_FEATURE_MEMBER_IMPORT_VISIBILITY = YES;
				SWIFT_VERSION = 5.0;
				TEST_TARGET_NAME = Kopniak;
			};
			name = Release;
		};
/* End XCBuildConfiguration section */

/* Begin XCConfigurationList section */
		75997A222E8E6A2300C6F17B /* Build configuration list for PBXProject "Kopniak" */ = {
			isa = XCConfigurationList;
			buildConfigurations = (
				75997A462E8E6A2400C6F17B /* Debug */,
				75997A472E8E6A2400C6F17B /* Release */,
			);
			defaultConfigurationIsVisible = 0;
			defaultConfigurationName = Release;
		};
		75997A482E8E6A2400C6F17B /* Build configuration list for PBXNativeTarget "Kopniak" */ = {
			isa = XCConfigurationList;
			buildConfigurations = (
				75997A492E8E6A2400C6F17B /* Debug */,
				75997A4A2E8E6A2400C6F17B /* Release */,
			);
			defaultConfigurationIsVisible = 0;
			defaultConfigurationName = Release;
		};
		75997A4B2E8E6A2400C6F17B /* Build configuration list for PBXNativeTarget "KopniakTests" */ = {
			isa = XCConfigurationList;
			buildConfigurations = (
				75997A4C2E8E6A2400C6F17B /* Debug */,
				75997A4D2E8E6A2400C6F17B /* Release */,
			);
			defaultConfigurationIsVisible = 0;
			defaultConfigurationName = Release;
		};
		75997A4E2E8E6A2400C6F17B /* Build configuration list for PBXNativeTarget "KopniakUITests" */ = {
			isa = XCConfigurationList;
			buildConfigurations = (
				75997A4F2E8E6A2400C6F17B /* Debug */,
				75997A502E8E6A2400C6F17B /* Release */,
			);
			defaultConfigurationIsVisible = 0;
			defaultConfigurationName = Release;
		};
/* End XCConfigurationList section */

/* Begin XCRemoteSwiftPackageReference section */
		75FF24F22EA1A9CD00A5B636 /* XCRemoteSwiftPackageReference "swift-composable-architecture" */ = {
			isa = XCRemoteSwiftPackageReference;
			repositoryURL = "https://github.com/pointfreeco/swift-composable-architecture";
			requirement = {
				kind = upToNextMajorVersion;
				minimumVersion = 1.23.0;
			};
		};
/* End XCRemoteSwiftPackageReference section */

/* Begin XCSwiftPackageProductDependency section */
		75FF24F32EA1A9CD00A5B636 /* ComposableArchitecture */ = {
			isa = XCSwiftPackageProductDependency;
			package = 75FF24F22EA1A9CD00A5B636 /* XCRemoteSwiftPackageReference "swift-composable-architecture" */;
			productName = ComposableArchitecture;
		};
/* End XCSwiftPackageProductDependency section */
	};
	rootObject = 75997A1F2E8E6A2300C6F17B /* Project object */;
}
